// !$*UTF8*$!
{
	archiveVersion = 1;
	classes = {
	};
	objectVersion = 46;
	objects = {

/* Begin PBXBuildFile section */
		211D31591C88F24300E47A90 /* AppDelegate.swift in Sources */ = {isa = PBXBuildFile; fileRef = 211D31581C88F24300E47A90 /* AppDelegate.swift */; };
		211D31601C88F24300E47A90 /* Main.storyboard in Resources */ = {isa = PBXBuildFile; fileRef = 211D315E1C88F24300E47A90 /* Main.storyboard */; };
		211D31651C88F24300E47A90 /* LaunchScreen.storyboard in Resources */ = {isa = PBXBuildFile; fileRef = 211D31631C88F24300E47A90 /* LaunchScreen.storyboard */; };
		211D31701C88F24300E47A90 /* CurrencyConverterTests.swift in Sources */ = {isa = PBXBuildFile; fileRef = 211D316F1C88F24300E47A90 /* CurrencyConverterTests.swift */; };
		216179B61C9385A900777406 /* CurrencyTableViewCell.swift in Sources */ = {isa = PBXBuildFile; fileRef = 216179B51C9385A900777406 /* CurrencyTableViewCell.swift */; };
		217F501B1C9CB11C0053977C /* Assets.xcassets in Resources */ = {isa = PBXBuildFile; fileRef = 217F501A1C9CB11C0053977C /* Assets.xcassets */; };
		218139781C9620DC00705D77 /* CurrencyTableViewController.swift in Sources */ = {isa = PBXBuildFile; fileRef = 218139771C9620DC00705D77 /* CurrencyTableViewController.swift */; };
		2181397A1C963BB500705D77 /* CurrencyViewController.swift in Sources */ = {isa = PBXBuildFile; fileRef = 218139791C963BB500705D77 /* CurrencyViewController.swift */; };
		2192BF941C98BF000024911A /* SelectionTableViewCell.swift in Sources */ = {isa = PBXBuildFile; fileRef = 2192BF931C98BF000024911A /* SelectionTableViewCell.swift */; };
		2192BF961C98C7550024911A /* MainTableViewController.swift in Sources */ = {isa = PBXBuildFile; fileRef = 2192BF951C98C7550024911A /* MainTableViewController.swift */; };
		21AB29451C9B8137001F15B7 /* SecondSelectionTableViewController.swift in Sources */ = {isa = PBXBuildFile; fileRef = 21AB29441C9B8137001F15B7 /* SecondSelectionTableViewController.swift */; };
		21BA6ECC1C9767DC006DB7D7 /* SelectionTableViewController.swift in Sources */ = {isa = PBXBuildFile; fileRef = 21BA6ECB1C9767DC006DB7D7 /* SelectionTableViewController.swift */; };
		21F5340C1C8A4FA300798121 /* Currency.swift in Sources */ = {isa = PBXBuildFile; fileRef = 21F5340B1C8A4FA300798121 /* Currency.swift */; };
/* End PBXBuildFile section */

/* Begin PBXContainerItemProxy section */
		211D316C1C88F24300E47A90 /* PBXContainerItemProxy */ = {
			isa = PBXContainerItemProxy;
			containerPortal = 211D314D1C88F24300E47A90 /* Project object */;
			proxyType = 1;
			remoteGlobalIDString = 211D31541C88F24300E47A90;
			remoteInfo = CurrencyConverter;
		};
/* End PBXContainerItemProxy section */

/* Begin PBXFileReference section */
		211D31551C88F24300E47A90 /* CurrencyConverter.app */ = {isa = PBXFileReference; explicitFileType = wrapper.application; includeInIndex = 0; path = CurrencyConverter.app; sourceTree = BUILT_PRODUCTS_DIR; };
		211D31581C88F24300E47A90 /* AppDelegate.swift */ = {isa = PBXFileReference; lastKnownFileType = sourcecode.swift; path = AppDelegate.swift; sourceTree = "<group>"; };
		211D315F1C88F24300E47A90 /* Base */ = {isa = PBXFileReference; lastKnownFileType = file.storyboard; name = Base; path = Base.lproj/Main.storyboard; sourceTree = "<group>"; };
		211D31641C88F24300E47A90 /* Base */ = {isa = PBXFileReference; lastKnownFileType = file.storyboard; name = Base; path = Base.lproj/LaunchScreen.storyboard; sourceTree = "<group>"; };
		211D31661C88F24300E47A90 /* Info.plist */ = {isa = PBXFileReference; lastKnownFileType = text.plist.xml; path = Info.plist; sourceTree = "<group>"; };
		211D316B1C88F24300E47A90 /* CurrencyConverterTests.xctest */ = {isa = PBXFileReference; explicitFileType = wrapper.cfbundle; includeInIndex = 0; path = CurrencyConverterTests.xctest; sourceTree = BUILT_PRODUCTS_DIR; };
		211D316F1C88F24300E47A90 /* CurrencyConverterTests.swift */ = {isa = PBXFileReference; lastKnownFileType = sourcecode.swift; path = CurrencyConverterTests.swift; sourceTree = "<group>"; };
		211D31711C88F24300E47A90 /* Info.plist */ = {isa = PBXFileReference; lastKnownFileType = text.plist.xml; path = Info.plist; sourceTree = "<group>"; };
		216179B51C9385A900777406 /* CurrencyTableViewCell.swift */ = {isa = PBXFileReference; fileEncoding = 4; lastKnownFileType = sourcecode.swift; path = CurrencyTableViewCell.swift; sourceTree = "<group>"; };
		217F501A1C9CB11C0053977C /* Assets.xcassets */ = {isa = PBXFileReference; lastKnownFileType = folder.assetcatalog; path = Assets.xcassets; sourceTree = "<group>"; };
		218139771C9620DC00705D77 /* CurrencyTableViewController.swift */ = {isa = PBXFileReference; fileEncoding = 4; lastKnownFileType = sourcecode.swift; path = CurrencyTableViewController.swift; sourceTree = "<group>"; };
		218139791C963BB500705D77 /* CurrencyViewController.swift */ = {isa = PBXFileReference; fileEncoding = 4; lastKnownFileType = sourcecode.swift; name = CurrencyViewController.swift; path = ../CurrencyViewController.swift; sourceTree = "<group>"; };
		2192BF931C98BF000024911A /* SelectionTableViewCell.swift */ = {isa = PBXFileReference; fileEncoding = 4; lastKnownFileType = sourcecode.swift; path = SelectionTableViewCell.swift; sourceTree = "<group>"; };
		2192BF951C98C7550024911A /* MainTableViewController.swift */ = {isa = PBXFileReference; fileEncoding = 4; lastKnownFileType = sourcecode.swift; path = MainTableViewController.swift; sourceTree = "<group>"; };
		21AB29441C9B8137001F15B7 /* SecondSelectionTableViewController.swift */ = {isa = PBXFileReference; fileEncoding = 4; lastKnownFileType = sourcecode.swift; path = SecondSelectionTableViewController.swift; sourceTree = "<group>"; };
		21BA6ECB1C9767DC006DB7D7 /* SelectionTableViewController.swift */ = {isa = PBXFileReference; fileEncoding = 4; lastKnownFileType = sourcecode.swift; path = SelectionTableViewController.swift; sourceTree = "<group>"; };
		21F5340B1C8A4FA300798121 /* Currency.swift */ = {isa = PBXFileReference; fileEncoding = 4; lastKnownFileType = sourcecode.swift; path = Currency.swift; sourceTree = "<group>"; };
/* End PBXFileReference section */

/* Begin PBXFrameworksBuildPhase section */
		211D31521C88F24300E47A90 /* Frameworks */ = {
			isa = PBXFrameworksBuildPhase;
			buildActionMask = 2147483647;
			files = (
			);
			runOnlyForDeploymentPostprocessing = 0;
		};
		211D31681C88F24300E47A90 /* Frameworks */ = {
			isa = PBXFrameworksBuildPhase;
			buildActionMask = 2147483647;
			files = (
			);
			runOnlyForDeploymentPostprocessing = 0;
		};
/* End PBXFrameworksBuildPhase section */

/* Begin PBXGroup section */
		211D314C1C88F24300E47A90 = {
			isa = PBXGroup;
			children = (
				211D31571C88F24300E47A90 /* CurrencyConverter */,
				211D316E1C88F24300E47A90 /* CurrencyConverterTests */,
				211D31561C88F24300E47A90 /* Products */,
			);
			sourceTree = "<group>";
		};
		211D31561C88F24300E47A90 /* Products */ = {
			isa = PBXGroup;
			children = (
				211D31551C88F24300E47A90 /* CurrencyConverter.app */,
				211D316B1C88F24300E47A90 /* CurrencyConverterTests.xctest */,
			);
			name = Products;
			sourceTree = "<group>";
		};
		211D31571C88F24300E47A90 /* CurrencyConverter */ = {
			isa = PBXGroup;
			children = (
				211D31581C88F24300E47A90 /* AppDelegate.swift */,
				219CD58B1F5758A300DFD34E /* Model */,
				219CD58D1F5758DA00DFD34E /* View */,
				219CD58E1F57590A00DFD34E /* Controller */,
				217F501A1C9CB11C0053977C /* Assets.xcassets */,
				211D315E1C88F24300E47A90 /* Main.storyboard */,
				211D31631C88F24300E47A90 /* LaunchScreen.storyboard */,
				211D31661C88F24300E47A90 /* Info.plist */,
			);
			path = CurrencyConverter;
			sourceTree = "<group>";
		};
		211D316E1C88F24300E47A90 /* CurrencyConverterTests */ = {
			isa = PBXGroup;
			children = (
				211D316F1C88F24300E47A90 /* CurrencyConverterTests.swift */,
				211D31711C88F24300E47A90 /* Info.plist */,
			);
			path = CurrencyConverterTests;
			sourceTree = "<group>";
		};
		219CD58B1F5758A300DFD34E /* Model */ = {
			isa = PBXGroup;
			children = (
				21F5340B1C8A4FA300798121 /* Currency.swift */,
			);
			name = Model;
			sourceTree = "<group>";
		};
		219CD58D1F5758DA00DFD34E /* View */ = {
			isa = PBXGroup;
			children = (
				2192BF931C98BF000024911A /* SelectionTableViewCell.swift */,
				216179B51C9385A900777406 /* CurrencyTableViewCell.swift */,
			);
			name = View;
			sourceTree = "<group>";
		};
		219CD58E1F57590A00DFD34E /* Controller */ = {
			isa = PBXGroup;
			children = (
				21BA6ECB1C9767DC006DB7D7 /* SelectionTableViewController.swift */,
				21AB29441C9B8137001F15B7 /* SecondSelectionTableViewController.swift */,
				218139771C9620DC00705D77 /* CurrencyTableViewController.swift */,
				2192BF951C98C7550024911A /* MainTableViewController.swift */,
				218139791C963BB500705D77 /* CurrencyViewController.swift */,
			);
			name = Controller;
			sourceTree = "<group>";
		};
/* End PBXGroup section */

/* Begin PBXNativeTarget section */
		211D31541C88F24300E47A90 /* CurrencyConverter */ = {
			isa = PBXNativeTarget;
			buildConfigurationList = 211D31741C88F24300E47A90 /* Build configuration list for PBXNativeTarget "CurrencyConverter" */;
			buildPhases = (
				211D31511C88F24300E47A90 /* Sources */,
				211D31521C88F24300E47A90 /* Frameworks */,
				211D31531C88F24300E47A90 /* Resources */,
			);
			buildRules = (
			);
			dependencies = (
			);
			name = CurrencyConverter;
			productName = CurrencyConverter;
			productReference = 211D31551C88F24300E47A90 /* CurrencyConverter.app */;
			productType = "com.apple.product-type.application";
		};
		211D316A1C88F24300E47A90 /* CurrencyConverterTests */ = {
			isa = PBXNativeTarget;
			buildConfigurationList = 211D31771C88F24300E47A90 /* Build configuration list for PBXNativeTarget "CurrencyConverterTests" */;
			buildPhases = (
				211D31671C88F24300E47A90 /* Sources */,
				211D31681C88F24300E47A90 /* Frameworks */,
				211D31691C88F24300E47A90 /* Resources */,
			);
			buildRules = (
			);
			dependencies = (
				211D316D1C88F24300E47A90 /* PBXTargetDependency */,
			);
			name = CurrencyConverterTests;
			productName = CurrencyConverterTests;
			productReference = 211D316B1C88F24300E47A90 /* CurrencyConverterTests.xctest */;
			productType = "com.apple.product-type.bundle.unit-test";
		};
/* End PBXNativeTarget section */

/* Begin PBXProject section */
		211D314D1C88F24300E47A90 /* Project object */ = {
			isa = PBXProject;
			attributes = {
				LastSwiftUpdateCheck = 0710;
				LastUpgradeCheck = 1000;
				ORGANIZATIONNAME = WangXiaoxiao;
				TargetAttributes = {
					211D31541C88F24300E47A90 = {
						CreatedOnToolsVersion = 7.1.1;
						DevelopmentTeam = 6WF873485J;
						LastSwiftMigration = 1000;
						ProvisioningStyle = Automatic;
					};
					211D316A1C88F24300E47A90 = {
						CreatedOnToolsVersion = 7.1.1;
						DevelopmentTeam = C2B2Z663VT;
						LastSwiftMigration = 1000;
						TestTargetID = 211D31541C88F24300E47A90;
					};
				};
			};
			buildConfigurationList = 211D31501C88F24300E47A90 /* Build configuration list for PBXProject "CurrencyConverter" */;
			compatibilityVersion = "Xcode 3.2";
			developmentRegion = English;
			hasScannedForEncodings = 0;
			knownRegions = (
				en,
				Base,
			);
			mainGroup = 211D314C1C88F24300E47A90;
			productRefGroup = 211D31561C88F24300E47A90 /* Products */;
			projectDirPath = "";
			projectRoot = "";
			targets = (
				211D31541C88F24300E47A90 /* CurrencyConverter */,
				211D316A1C88F24300E47A90 /* CurrencyConverterTests */,
			);
		};
/* End PBXProject section */

/* Begin PBXResourcesBuildPhase section */
		211D31531C88F24300E47A90 /* Resources */ = {
			isa = PBXResourcesBuildPhase;
			buildActionMask = 2147483647;
			files = (
				211D31651C88F24300E47A90 /* LaunchScreen.storyboard in Resources */,
				217F501B1C9CB11C0053977C /* Assets.xcassets in Resources */,
				211D31601C88F24300E47A90 /* Main.storyboard in Resources */,
			);
			runOnlyForDeploymentPostprocessing = 0;
		};
		211D31691C88F24300E47A90 /* Resources */ = {
			isa = PBXResourcesBuildPhase;
			buildActionMask = 2147483647;
			files = (
			);
			runOnlyForDeploymentPostprocessing = 0;
		};
/* End PBXResourcesBuildPhase section */

/* Begin PBXSourcesBuildPhase section */
		211D31511C88F24300E47A90 /* Sources */ = {
			isa = PBXSourcesBuildPhase;
			buildActionMask = 2147483647;
			files = (
				21AB29451C9B8137001F15B7 /* SecondSelectionTableViewController.swift in Sources */,
				218139781C9620DC00705D77 /* CurrencyTableViewController.swift in Sources */,
				21F5340C1C8A4FA300798121 /* Currency.swift in Sources */,
				21BA6ECC1C9767DC006DB7D7 /* SelectionTableViewController.swift in Sources */,
				2192BF941C98BF000024911A /* SelectionTableViewCell.swift in Sources */,
				2192BF961C98C7550024911A /* MainTableViewController.swift in Sources */,
				211D31591C88F24300E47A90 /* AppDelegate.swift in Sources */,
				216179B61C9385A900777406 /* CurrencyTableViewCell.swift in Sources */,
				2181397A1C963BB500705D77 /* CurrencyViewController.swift in Sources */,
			);
			runOnlyForDeploymentPostprocessing = 0;
		};
		211D31671C88F24300E47A90 /* Sources */ = {
			isa = PBXSourcesBuildPhase;
			buildActionMask = 2147483647;
			files = (
				211D31701C88F24300E47A90 /* CurrencyConverterTests.swift in Sources */,
			);
			runOnlyForDeploymentPostprocessing = 0;
		};
/* End PBXSourcesBuildPhase section */

/* Begin PBXTargetDependency section */
		211D316D1C88F24300E47A90 /* PBXTargetDependency */ = {
			isa = PBXTargetDependency;
			target = 211D31541C88F24300E47A90 /* CurrencyConverter */;
			targetProxy = 211D316C1C88F24300E47A90 /* PBXContainerItemProxy */;
		};
/* End PBXTargetDependency section */

/* Begin PBXVariantGroup section */
		211D315E1C88F24300E47A90 /* Main.storyboard */ = {
			isa = PBXVariantGroup;
			children = (
				211D315F1C88F24300E47A90 /* Base */,
			);
			name = Main.storyboard;
			sourceTree = "<group>";
		};
		211D31631C88F24300E47A90 /* LaunchScreen.storyboard */ = {
			isa = PBXVariantGroup;
			children = (
				211D31641C88F24300E47A90 /* Base */,
			);
			name = LaunchScreen.storyboard;
			sourceTree = "<group>";
		};
/* End PBXVariantGroup section */

/* Begin XCBuildConfiguration section */
		211D31721C88F24300E47A90 /* Debug */ = {
			isa = XCBuildConfiguration;
			buildSettings = {
				ALWAYS_SEARCH_USER_PATHS = NO;
				CLANG_CXX_LANGUAGE_STANDARD = "gnu++0x";
				CLANG_CXX_LIBRARY = "libc++";
				CLANG_ENABLE_MODULES = YES;
				CLANG_ENABLE_OBJC_ARC = YES;
				CLANG_WARN_BLOCK_CAPTURE_AUTORELEASING = YES;
				CLANG_WARN_BOOL_CONVERSION = YES;
				CLANG_WARN_COMMA = YES;
				CLANG_WARN_CONSTANT_CONVERSION = YES;
				CLANG_WARN_DEPRECATED_OBJC_IMPLEMENTATIONS = YES;
				CLANG_WARN_DIRECT_OBJC_ISA_USAGE = YES_ERROR;
				CLANG_WARN_EMPTY_BODY = YES;
				CLANG_WARN_ENUM_CONVERSION = YES;
				CLANG_WARN_INFINITE_RECURSION = YES;
				CLANG_WARN_INT_CONVERSION = YES;
				CLANG_WARN_NON_LITERAL_NULL_CONVERSION = YES;
				CLANG_WARN_OBJC_IMPLICIT_RETAIN_SELF = YES;
				CLANG_WARN_OBJC_LITERAL_CONVERSION = YES;
				CLANG_WARN_OBJC_ROOT_CLASS = YES_ERROR;
				CLANG_WARN_RANGE_LOOP_ANALYSIS = YES;
				CLANG_WARN_STRICT_PROTOTYPES = YES;
				CLANG_WARN_SUSPICIOUS_MOVE = YES;
				CLANG_WARN_UNREACHABLE_CODE = YES;
				CLANG_WARN__DUPLICATE_METHOD_MATCH = YES;
				"CODE_SIGN_IDENTITY[sdk=iphoneos*]" = "iPhone Developer";
				COPY_PHASE_STRIP = NO;
				DEBUG_INFORMATION_FORMAT = dwarf;
				ENABLE_STRICT_OBJC_MSGSEND = YES;
				ENABLE_TESTABILITY = YES;
				GCC_C_LANGUAGE_STANDARD = gnu99;
				GCC_DYNAMIC_NO_PIC = NO;
				GCC_NO_COMMON_BLOCKS = YES;
				GCC_OPTIMIZATION_LEVEL = 0;
				GCC_PREPROCESSOR_DEFINITIONS = (
					"DEBUG=1",
					"$(inherited)",
				);
				GCC_WARN_64_TO_32_BIT_CONVERSION = YES;
				GCC_WARN_ABOUT_RETURN_TYPE = YES_ERROR;
				GCC_WARN_UNDECLARED_SELECTOR = YES;
				GCC_WARN_UNINITIALIZED_AUTOS = YES_AGGRESSIVE;
				GCC_WARN_UNUSED_FUNCTION = YES;
				GCC_WARN_UNUSED_VARIABLE = YES;
				IPHONEOS_DEPLOYMENT_TARGET = 12.0;
				MTL_ENABLE_DEBUG_INFO = YES;
				ONLY_ACTIVE_ARCH = YES;
				SDKROOT = iphoneos;
				SWIFT_OPTIMIZATION_LEVEL = "-Onone";
				TARGETED_DEVICE_FAMILY = "1,2";
			};
			name = Debug;
		};
		211D31731C88F24300E47A90 /* Release */ = {
			isa = XCBuildConfiguration;
			buildSettings = {
				ALWAYS_SEARCH_USER_PATHS = NO;
				CLANG_CXX_LANGUAGE_STANDARD = "gnu++0x";
				CLANG_CXX_LIBRARY = "libc++";
				CLANG_ENABLE_MODULES = YES;
				CLANG_ENABLE_OBJC_ARC = YES;
				CLANG_WARN_BLOCK_CAPTURE_AUTORELEASING = YES;
				CLANG_WARN_BOOL_CONVERSION = YES;
				CLANG_WARN_COMMA = YES;
				CLANG_WARN_CONSTANT_CONVERSION = YES;
				CLANG_WARN_DEPRECATED_OBJC_IMPLEMENTATIONS = YES;
				CLANG_WARN_DIRECT_OBJC_ISA_USAGE = YES_ERROR;
				CLANG_WARN_EMPTY_BODY = YES;
				CLANG_WARN_ENUM_CONVERSION = YES;
				CLANG_WARN_INFINITE_RECURSION = YES;
				CLANG_WARN_INT_CONVERSION = YES;
				CLANG_WARN_NON_LITERAL_NULL_CONVERSION = YES;
				CLANG_WARN_OBJC_IMPLICIT_RETAIN_SELF = YES;
				CLANG_WARN_OBJC_LITERAL_CONVERSION = YES;
				CLANG_WARN_OBJC_ROOT_CLASS = YES_ERROR;
				CLANG_WARN_RANGE_LOOP_ANALYSIS = YES;
				CLANG_WARN_STRICT_PROTOTYPES = YES;
				CLANG_WARN_SUSPICIOUS_MOVE = YES;
				CLANG_WARN_UNREACHABLE_CODE = YES;
				CLANG_WARN__DUPLICATE_METHOD_MATCH = YES;
				"CODE_SIGN_IDENTITY[sdk=iphoneos*]" = "iPhone Developer";
				COPY_PHASE_STRIP = NO;
				DEBUG_INFORMATION_FORMAT = "dwarf-with-dsym";
				ENABLE_NS_ASSERTIONS = NO;
				ENABLE_STRICT_OBJC_MSGSEND = YES;
				GCC_C_LANGUAGE_STANDARD = gnu99;
				GCC_NO_COMMON_BLOCKS = YES;
				GCC_WARN_64_TO_32_BIT_CONVERSION = YES;
				GCC_WARN_ABOUT_RETURN_TYPE = YES_ERROR;
				GCC_WARN_UNDECLARED_SELECTOR = YES;
				GCC_WARN_UNINITIALIZED_AUTOS = YES_AGGRESSIVE;
				GCC_WARN_UNUSED_FUNCTION = YES;
				GCC_WARN_UNUSED_VARIABLE = YES;
				IPHONEOS_DEPLOYMENT_TARGET = 12.0;
				MTL_ENABLE_DEBUG_INFO = NO;
				SDKROOT = iphoneos;
				SWIFT_OPTIMIZATION_LEVEL = "-Owholemodule";
				TARGETED_DEVICE_FAMILY = "1,2";
				VALIDATE_PRODUCT = YES;
			};
			name = Release;
		};
		211D31751C88F24300E47A90 /* Debug */ = {
			isa = XCBuildConfiguration;
			buildSettings = {
				ASSETCATALOG_COMPILER_APPICON_NAME = AppIcon;
				CODE_SIGN_IDENTITY = "iPhone Developer";
				"CODE_SIGN_IDENTITY[sdk=iphoneos*]" = "iPhone Developer";
				CODE_SIGN_STYLE = Automatic;
				DEVELOPMENT_TEAM = 6WF873485J;
				INFOPLIST_FILE = CurrencyConverter/Info.plist;
				LD_RUNPATH_SEARCH_PATHS = "$(inherited) @executable_path/Frameworks";
				PRODUCT_BUNDLE_IDENTIFIER = com.xiaoxw.CurrencyConverter;
				PRODUCT_NAME = "$(TARGET_NAME)";
				PROVISIONING_PROFILE = "";
				PROVISIONING_PROFILE_SPECIFIER = "";
				SWIFT_SWIFT3_OBJC_INFERENCE = On;
				SWIFT_VERSION = 4.2;
				TARGETED_DEVICE_FAMILY = 1;
			};
			name = Debug;
		};
		211D31761C88F24300E47A90 /* Release */ = {
			isa = XCBuildConfiguration;
			buildSettings = {
				ASSETCATALOG_COMPILER_APPICON_NAME = AppIcon;
				CODE_SIGN_IDENTITY = "iPhone Developer";
				"CODE_SIGN_IDENTITY[sdk=iphoneos*]" = "iPhone Developer";
				CODE_SIGN_STYLE = Automatic;
				DEVELOPMENT_TEAM = 6WF873485J;
				INFOPLIST_FILE = CurrencyConverter/Info.plist;
				LD_RUNPATH_SEARCH_PATHS = "$(inherited) @executable_path/Frameworks";
				PRODUCT_BUNDLE_IDENTIFIER = com.xiaoxw.CurrencyConverter;
				PRODUCT_NAME = "$(TARGET_NAME)";
				PROVISIONING_PROFILE = "";
				PROVISIONING_PROFILE_SPECIFIER = "";
				SWIFT_SWIFT3_OBJC_INFERENCE = On;
				SWIFT_VERSION = 4.2;
				TARGETED_DEVICE_FAMILY = 1;
			};
			name = Release;
		};
		211D31781C88F24300E47A90 /* Debug */ = {
			isa = XCBuildConfiguration;
			buildSettings = {
				BUNDLE_LOADER = "$(TEST_HOST)";
				DEVELOPMENT_TEAM = C2B2Z663VT;
				INFOPLIST_FILE = CurrencyConverterTests/Info.plist;
				LD_RUNPATH_SEARCH_PATHS = "$(inherited) @executable_path/Frameworks @loader_path/Frameworks";
				PRODUCT_BUNDLE_IDENTIFIER = com.wangxiaoxiao.CurrencyConverterTests;
				PRODUCT_NAME = "$(TARGET_NAME)";
				SWIFT_SWIFT3_OBJC_INFERENCE = On;
				SWIFT_VERSION = 4.2;
				TEST_HOST = "$(BUILT_PRODUCTS_DIR)/CurrencyConverter.app/CurrencyConverter";
			};
			name = Debug;
		};
		211D31791C88F24300E47A90 /* Release */ = {
			isa = XCBuildConfiguration;
			buildSettings = {
				BUNDLE_LOADER = "$(TEST_HOST)";
				DEVELOPMENT_TEAM = C2B2Z663VT;
				INFOPLIST_FILE = CurrencyConverterTests/Info.plist;
				LD_RUNPATH_SEARCH_PATHS = "$(inherited) @executable_path/Frameworks @loader_path/Frameworks";
				PRODUCT_BUNDLE_IDENTIFIER = com.wangxiaoxiao.CurrencyConverterTests;
				PRODUCT_NAME = "$(TARGET_NAME)";
				SWIFT_SWIFT3_OBJC_INFERENCE = On;
				SWIFT_VERSION = 4.2;
				TEST_HOST = "$(BUILT_PRODUCTS_DIR)/CurrencyConverter.app/CurrencyConverter";
			};
			name = Release;
		};
/* End XCBuildConfiguration section */

/* Begin XCConfigurationList section */
		211D31501C88F24300E47A90 /* Build configuration list for PBXProject "CurrencyConverter" */ = {
			isa = XCConfigurationList;
			buildConfigurations = (
				211D31721C88F24300E47A90 /* Debug */,
				211D31731C88F24300E47A90 /* Release */,
			);
			defaultConfigurationIsVisible = 0;
			defaultConfigurationName = Release;
		};
		211D31741C88F24300E47A90 /* Build configuration list for PBXNativeTarget "CurrencyConverter" */ = {
			isa = XCConfigurationList;
			buildConfigurations = (
				211D31751C88F24300E47A90 /* Debug */,
				211D31761C88F24300E47A90 /* Release */,
			);
			defaultConfigurationIsVisible = 0;
			defaultConfigurationName = Release;
		};
		211D31771C88F24300E47A90 /* Build configuration list for PBXNativeTarget "CurrencyConverterTests" */ = {
			isa = XCConfigurationList;
			buildConfigurations = (
				211D31781C88F24300E47A90 /* Debug */,
				211D31791C88F24300E47A90 /* Release */,
			);
			defaultConfigurationIsVisible = 0;
			defaultConfigurationName = Release;
		};
/* End XCConfigurationList section */
	};
	rootObject = 211D314D1C88F24300E47A90 /* Project object */;
}
